
Microsoft Visual Studio Solution File, Format Version 12.00
# Visual Studio Version 17
VisualStudioVersion = 17.14.36414.22 d17.14
MinimumVisualStudioVersion = 10.0.40219.1
Project("{FAE04EC0-301F-11D3-BF4B-00C04F79EFBC}") = "PasswordGeneratorAndStrengthChecker", "PasswordGeneratorAndStrengthChecker.csproj", "{865B2DE6-2F6A-453D-8B3F-BDB6400973E4}"
EndProject
Global
	GlobalSection(SolutionConfigurationPlatforms) = preSolution
		Debug|Any CPU = Debug|Any CPU
		Release|Any CPU = Release|Any CPU
	EndGlobalSection
	GlobalSection(ProjectConfigurationPlatforms) = postSolution
		{865B2DE6-2F6A-453D-8B3F-BDB6400973E4}.Debug|Any CPU.ActiveCfg = Debug|Any CPU
		{865B2DE6-2F6A-453D-8B3F-BDB6400973E4}.Debug|Any CPU.Build.0 = Debug|Any CPU
		{865B2DE6-2F6A-453D-8B3F-BDB6400973E4}.Release|Any CPU.ActiveCfg = Release|Any CPU
		{865B2DE6-2F6A-453D-8B3F-BDB6400973E4}.Release|Any CPU.Build.0 = Release|Any CPU
	EndGlobalSection
	GlobalSection(SolutionProperties) = preSolution
		HideSolutionNode = FALSE
	EndGlobalSection
	GlobalSection(ExtensibilityGlobals) = postSolution
		SolutionGuid = {3F1CAFBA-D385-4FE8-8EEB-5339061B6F2D}
	EndGlobalSection
EndGlobal
